// !$*UTF8*$!
{
	archiveVersion = 1;
	classes = {
	};
	objectVersion = 48;
	objects = {

/* Begin PBXBuildFile section */
		004F54371FF7FDBA00E0AED4 /* MeasurementSubfileVC.swift in Sources */ = {isa = PBXBuildFile; fileRef = 004F54361FF7FDBA00E0AED4 /* MeasurementSubfileVC.swift */; };
		004F54391FF920D000E0AED4 /* ValuePickerVC.swift in Sources */ = {isa = PBXBuildFile; fileRef = 004F54381FF920D000E0AED4 /* ValuePickerVC.swift */; };
		004F545F200A468F00E0AED4 /* ChoiceSummarySubfileVC.swift in Sources */ = {isa = PBXBuildFile; fileRef = 004F545E200A468F00E0AED4 /* ChoiceSummarySubfileVC.swift */; };
		006CC0D61FF68A070071A182 /* AppDelegate.swift in Sources */ = {isa = PBXBuildFile; fileRef = 006CC0D51FF68A070071A182 /* AppDelegate.swift */; };
		006CC0D81FF68A070071A182 /* FirstViewController.swift in Sources */ = {isa = PBXBuildFile; fileRef = 006CC0D71FF68A070071A182 /* FirstViewController.swift */; };
		006CC0DA1FF68A070071A182 /* SecondViewController.swift in Sources */ = {isa = PBXBuildFile; fileRef = 006CC0D91FF68A070071A182 /* SecondViewController.swift */; };
		006CC0DD1FF68A070071A182 /* Main.storyboard in Resources */ = {isa = PBXBuildFile; fileRef = 006CC0DB1FF68A070071A182 /* Main.storyboard */; };
		006CC0DF1FF68A070071A182 /* Assets.xcassets in Resources */ = {isa = PBXBuildFile; fileRef = 006CC0DE1FF68A070071A182 /* Assets.xcassets */; };
		006CC0E21FF68A070071A182 /* LaunchScreen.storyboard in Resources */ = {isa = PBXBuildFile; fileRef = 006CC0E01FF68A070071A182 /* LaunchScreen.storyboard */; };
		006CC0EF1FF68BF80071A182 /* Structures.swift in Sources */ = {isa = PBXBuildFile; fileRef = 006CC0EE1FF68BF80071A182 /* Structures.swift */; };
		006CC0F71FF69F7B0071A182 /* CategorySubfileVC.swift in Sources */ = {isa = PBXBuildFile; fileRef = 006CC0F61FF69F7B0071A182 /* CategorySubfileVC.swift */; };
		006CC0FB1FF6A8210071A182 /* metric.json in Resources */ = {isa = PBXBuildFile; fileRef = 006CC0FA1FF6A8210071A182 /* metric.json */; };
		006CC0FF1FF6BE3D0071A182 /* DataManagement.swift in Sources */ = {isa = PBXBuildFile; fileRef = 006CC0FE1FF6BE3D0071A182 /* DataManagement.swift */; };
		006CC1011FF6C6680071A182 /* category.json in Resources */ = {isa = PBXBuildFile; fileRef = 006CC1001FF6C6680071A182 /* category.json */; };
/* End PBXBuildFile section */

/* Begin PBXFileReference section */
		004F54361FF7FDBA00E0AED4 /* MeasurementSubfileVC.swift */ = {isa = PBXFileReference; lastKnownFileType = sourcecode.swift; path = MeasurementSubfileVC.swift; sourceTree = "<group>"; };
		004F54381FF920D000E0AED4 /* ValuePickerVC.swift */ = {isa = PBXFileReference; lastKnownFileType = sourcecode.swift; path = ValuePickerVC.swift; sourceTree = "<group>"; };
		004F545E200A468F00E0AED4 /* ChoiceSummarySubfileVC.swift */ = {isa = PBXFileReference; lastKnownFileType = sourcecode.swift; path = ChoiceSummarySubfileVC.swift; sourceTree = "<group>"; };
		006CC0D21FF68A070071A182 /* LifeMetrics02.app */ = {isa = PBXFileReference; explicitFileType = wrapper.application; includeInIndex = 0; path = LifeMetrics02.app; sourceTree = BUILT_PRODUCTS_DIR; };
		006CC0D51FF68A070071A182 /* AppDelegate.swift */ = {isa = PBXFileReference; lastKnownFileType = sourcecode.swift; path = AppDelegate.swift; sourceTree = "<group>"; };
		006CC0D71FF68A070071A182 /* FirstViewController.swift */ = {isa = PBXFileReference; lastKnownFileType = sourcecode.swift; path = FirstViewController.swift; sourceTree = "<group>"; };
		006CC0D91FF68A070071A182 /* SecondViewController.swift */ = {isa = PBXFileReference; lastKnownFileType = sourcecode.swift; path = SecondViewController.swift; sourceTree = "<group>"; };
		006CC0DC1FF68A070071A182 /* Base */ = {isa = PBXFileReference; lastKnownFileType = file.storyboard; name = Base; path = Base.lproj/Main.storyboard; sourceTree = "<group>"; };
		006CC0DE1FF68A070071A182 /* Assets.xcassets */ = {isa = PBXFileReference; lastKnownFileType = folder.assetcatalog; path = Assets.xcassets; sourceTree = "<group>"; };
		006CC0E11FF68A070071A182 /* Base */ = {isa = PBXFileReference; lastKnownFileType = file.storyboard; name = Base; path = Base.lproj/LaunchScreen.storyboard; sourceTree = "<group>"; };
		006CC0E31FF68A070071A182 /* Info.plist */ = {isa = PBXFileReference; lastKnownFileType = text.plist.xml; path = Info.plist; sourceTree = "<group>"; };
		006CC0EE1FF68BF80071A182 /* Structures.swift */ = {isa = PBXFileReference; lastKnownFileType = sourcecode.swift; path = Structures.swift; sourceTree = "<group>"; };
		006CC0F61FF69F7B0071A182 /* CategorySubfileVC.swift */ = {isa = PBXFileReference; lastKnownFileType = sourcecode.swift; path = CategorySubfileVC.swift; sourceTree = "<group>"; };
		006CC0FA1FF6A8210071A182 /* metric.json */ = {isa = PBXFileReference; fileEncoding = 4; lastKnownFileType = text.json; path = metric.json; sourceTree = "<group>"; };
		006CC0FE1FF6BE3D0071A182 /* DataManagement.swift */ = {isa = PBXFileReference; lastKnownFileType = sourcecode.swift; path = DataManagement.swift; sourceTree = "<group>"; };
		006CC1001FF6C6680071A182 /* category.json */ = {isa = PBXFileReference; fileEncoding = 4; lastKnownFileType = text.json; path = category.json; sourceTree = "<group>"; };
/* End PBXFileReference section */

/* Begin PBXFrameworksBuildPhase section */
		006CC0CF1FF68A070071A182 /* Frameworks */ = {
			isa = PBXFrameworksBuildPhase;
			buildActionMask = 2147483647;
			files = (
			);
			runOnlyForDeploymentPostprocessing = 0;
		};
/* End PBXFrameworksBuildPhase section */

/* Begin PBXGroup section */
		006CC0C91FF68A070071A182 = {
			isa = PBXGroup;
			children = (
				006CC0ED1FF68BC50071A182 /* Model Info */,
				006CC0EC1FF68B770071A182 /* Core Files */,
				006CC0EB1FF68B510071A182 /* ViewControllers */,
				006CC0D41FF68A070071A182 /* LifeMetrics02 */,
				006CC0D31FF68A070071A182 /* Products */,
			);
			sourceTree = "<group>";
		};
		006CC0D31FF68A070071A182 /* Products */ = {
			isa = PBXGroup;
			children = (
				006CC0D21FF68A070071A182 /* LifeMetrics02.app */,
			);
			name = Products;
			sourceTree = "<group>";
		};
		006CC0D41FF68A070071A182 /* LifeMetrics02 */ = {
			isa = PBXGroup;
			children = (
				006CC0E31FF68A070071A182 /* Info.plist */,
			);
			path = LifeMetrics02;
			sourceTree = "<group>";
		};
		006CC0EB1FF68B510071A182 /* ViewControllers */ = {
			isa = PBXGroup;
			children = (
				006CC0D91FF68A070071A182 /* SecondViewController.swift */,
				006CC0D71FF68A070071A182 /* FirstViewController.swift */,
				004F54381FF920D000E0AED4 /* ValuePickerVC.swift */,
				006CC0DB1FF68A070071A182 /* Main.storyboard */,
				006CC0E01FF68A070071A182 /* LaunchScreen.storyboard */,
				006CC0F61FF69F7B0071A182 /* CategorySubfileVC.swift */,
				004F54361FF7FDBA00E0AED4 /* MeasurementSubfileVC.swift */,
				004F545E200A468F00E0AED4 /* ChoiceSummarySubfileVC.swift */,
			);
			path = ViewControllers;
			sourceTree = "<group>";
		};
		006CC0EC1FF68B770071A182 /* Core Files */ = {
			isa = PBXGroup;
			children = (
				006CC0DE1FF68A070071A182 /* Assets.xcassets */,
				006CC0D51FF68A070071A182 /* AppDelegate.swift */,
			);
			path = "Core Files";
			sourceTree = "<group>";
		};
		006CC0ED1FF68BC50071A182 /* Model Info */ = {
			isa = PBXGroup;
			children = (
				006CC0EE1FF68BF80071A182 /* Structures.swift */,
				006CC1001FF6C6680071A182 /* category.json */,
				006CC0FA1FF6A8210071A182 /* metric.json */,
				006CC0FE1FF6BE3D0071A182 /* DataManagement.swift */,
			);
			path = "Model Info";
			sourceTree = "<group>";
		};
/* End PBXGroup section */

/* Begin PBXNativeTarget section */
		006CC0D11FF68A070071A182 /* LifeMetrics02 */ = {
			isa = PBXNativeTarget;
			buildConfigurationList = 006CC0E61FF68A070071A182 /* Build configuration list for PBXNativeTarget "LifeMetrics02" */;
			buildPhases = (
				006CC0CE1FF68A070071A182 /* Sources */,
				006CC0CF1FF68A070071A182 /* Frameworks */,
				006CC0D01FF68A070071A182 /* Resources */,
			);
			buildRules = (
			);
			dependencies = (
			);
			name = LifeMetrics02;
			productName = LifeMetrics02;
			productReference = 006CC0D21FF68A070071A182 /* LifeMetrics02.app */;
			productType = "com.apple.product-type.application";
		};
/* End PBXNativeTarget section */

/* Begin PBXProject section */
		006CC0CA1FF68A070071A182 /* Project object */ = {
			isa = PBXProject;
			attributes = {
				LastSwiftUpdateCheck = 0920;
				LastUpgradeCheck = 0920;
				ORGANIZATIONNAME = "Jake Berberich";
				TargetAttributes = {
					006CC0D11FF68A070071A182 = {
						CreatedOnToolsVersion = 9.2;
						ProvisioningStyle = Automatic;
					};
				};
			};
			buildConfigurationList = 006CC0CD1FF68A070071A182 /* Build configuration list for PBXProject "LifeMetrics02" */;
			compatibilityVersion = "Xcode 8.0";
			developmentRegion = en;
			hasScannedForEncodings = 0;
			knownRegions = (
				en,
				Base,
			);
			mainGroup = 006CC0C91FF68A070071A182;
			productRefGroup = 006CC0D31FF68A070071A182 /* Products */;
			projectDirPath = "";
			projectRoot = "";
			targets = (
				006CC0D11FF68A070071A182 /* LifeMetrics02 */,
			);
		};
/* End PBXProject section */

/* Begin PBXResourcesBuildPhase section */
		006CC0D01FF68A070071A182 /* Resources */ = {
			isa = PBXResourcesBuildPhase;
			buildActionMask = 2147483647;
			files = (
				006CC0FB1FF6A8210071A182 /* metric.json in Resources */,
				006CC1011FF6C6680071A182 /* category.json in Resources */,
				006CC0E21FF68A070071A182 /* LaunchScreen.storyboard in Resources */,
				006CC0DF1FF68A070071A182 /* Assets.xcassets in Resources */,
				006CC0DD1FF68A070071A182 /* Main.storyboard in Resources */,
			);
			runOnlyForDeploymentPostprocessing = 0;
		};
/* End PBXResourcesBuildPhase section */

/* Begin PBXSourcesBuildPhase section */
		006CC0CE1FF68A070071A182 /* Sources */ = {
			isa = PBXSourcesBuildPhase;
			buildActionMask = 2147483647;
			files = (
				006CC0DA1FF68A070071A182 /* SecondViewController.swift in Sources */,
				004F545F200A468F00E0AED4 /* ChoiceSummarySubfileVC.swift in Sources */,
				004F54391FF920D000E0AED4 /* ValuePickerVC.swift in Sources */,
				006CC0D61FF68A070071A182 /* AppDelegate.swift in Sources */,
				006CC0FF1FF6BE3D0071A182 /* DataManagement.swift in Sources */,
				006CC0D81FF68A070071A182 /* FirstViewController.swift in Sources */,
				006CC0F71FF69F7B0071A182 /* CategorySubfileVC.swift in Sources */,
				004F54371FF7FDBA00E0AED4 /* MeasurementSubfileVC.swift in Sources */,
				006CC0EF1FF68BF80071A182 /* Structures.swift in Sources */,
			);
			runOnlyForDeploymentPostprocessing = 0;
		};
/* End PBXSourcesBuildPhase section */

/* Begin PBXVariantGroup section */
		006CC0DB1FF68A070071A182 /* Main.storyboard */ = {
			isa = PBXVariantGroup;
			children = (
				006CC0DC1FF68A070071A182 /* Base */,
			);
			name = Main.storyboard;
			sourceTree = "<group>";
		};
		006CC0E01FF68A070071A182 /* LaunchScreen.storyboard */ = {
			isa = PBXVariantGroup;
			children = (
				006CC0E11FF68A070071A182 /* Base */,
			);
			name = LaunchScreen.storyboard;
			sourceTree = "<group>";
		};
/* End PBXVariantGroup section */

/* Begin XCBuildConfiguration section */
		006CC0E41FF68A070071A182 /* Debug */ = {
			isa = XCBuildConfiguration;
			buildSettings = {
				ALWAYS_SEARCH_USER_PATHS = NO;
				CLANG_ANALYZER_NONNULL = YES;
				CLANG_ANALYZER_NUMBER_OBJECT_CONVERSION = YES_AGGRESSIVE;
				CLANG_CXX_LANGUAGE_STANDARD = "gnu++14";
				CLANG_CXX_LIBRARY = "libc++";
				CLANG_ENABLE_MODULES = YES;
				CLANG_ENABLE_OBJC_ARC = YES;
				CLANG_WARN_BLOCK_CAPTURE_AUTORELEASING = YES;
				CLANG_WARN_BOOL_CONVERSION = YES;
				CLANG_WARN_COMMA = YES;
				CLANG_WARN_CONSTANT_CONVERSION = YES;
				CLANG_WARN_DIRECT_OBJC_ISA_USAGE = YES_ERROR;
				CLANG_WARN_DOCUMENTATION_COMMENTS = YES;
				CLANG_WARN_EMPTY_BODY = YES;
				CLANG_WARN_ENUM_CONVERSION = YES;
				CLANG_WARN_INFINITE_RECURSION = YES;
				CLANG_WARN_INT_CONVERSION = YES;
				CLANG_WARN_NON_LITERAL_NULL_CONVERSION = YES;
				CLANG_WARN_OBJC_LITERAL_CONVERSION = YES;
				CLANG_WARN_OBJC_ROOT_CLASS = YES_ERROR;
				CLANG_WARN_RANGE_LOOP_ANALYSIS = YES;
				CLANG_WARN_STRICT_PROTOTYPES = YES;
				CLANG_WARN_SUSPICIOUS_MOVE = YES;
				CLANG_WARN_UNGUARDED_AVAILABILITY = YES_AGGRESSIVE;
				CLANG_WARN_UNREACHABLE_CODE = YES;
				CLANG_WARN__DUPLICATE_METHOD_MATCH = YES;
				CODE_SIGN_IDENTITY = "iPhone Developer";
				COPY_PHASE_STRIP = NO;
				DEBUG_INFORMATION_FORMAT = dwarf;
				ENABLE_STRICT_OBJC_MSGSEND = YES;
				ENABLE_TESTABILITY = YES;
				GCC_C_LANGUAGE_STANDARD = gnu11;
				GCC_DYNAMIC_NO_PIC = NO;
				GCC_NO_COMMON_BLOCKS = YES;
				GCC_OPTIMIZATION_LEVEL = 0;
				GCC_PREPROCESSOR_DEFINITIONS = (
					"DEBUG=1",
					"$(inherited)",
				);
				GCC_WARN_64_TO_32_BIT_CONVERSION = YES;
				GCC_WARN_ABOUT_RETURN_TYPE = YES_ERROR;
				GCC_WARN_UNDECLARED_SELECTOR = YES;
				GCC_WARN_UNINITIALIZED_AUTOS = YES_AGGRESSIVE;
				GCC_WARN_UNUSED_FUNCTION = YES;
				GCC_WARN_UNUSED_VARIABLE = YES;
				IPHONEOS_DEPLOYMENT_TARGET = 11.2;
				MTL_ENABLE_DEBUG_INFO = YES;
				ONLY_ACTIVE_ARCH = YES;
				SDKROOT = iphoneos;
				SWIFT_ACTIVE_COMPILATION_CONDITIONS = DEBUG;
				SWIFT_OPTIMIZATION_LEVEL = "-Onone";
			};
			name = Debug;
		};
		006CC0E51FF68A070071A182 /* Release */ = {
			isa = XCBuildConfiguration;
			buildSettings = {
				ALWAYS_SEARCH_USER_PATHS = NO;
				CLANG_ANALYZER_NONNULL = YES;
				CLANG_ANALYZER_NUMBER_OBJECT_CONVERSION = YES_AGGRESSIVE;
				CLANG_CXX_LANGUAGE_STANDARD = "gnu++14";
				CLANG_CXX_LIBRARY = "libc++";
				CLANG_ENABLE_MODULES = YES;
				CLANG_ENABLE_OBJC_ARC = YES;
				CLANG_WARN_BLOCK_CAPTURE_AUTORELEASING = YES;
				CLANG_WARN_BOOL_CONVERSION = YES;
				CLANG_WARN_COMMA = YES;
				CLANG_WARN_CONSTANT_CONVERSION = YES;
				CLANG_WARN_DIRECT_OBJC_ISA_USAGE = YES_ERROR;
				CLANG_WARN_DOCUMENTATION_COMMENTS = YES;
				CLANG_WARN_EMPTY_BODY = YES;
				CLANG_WARN_ENUM_CONVERSION = YES;
				CLANG_WARN_INFINITE_RECURSION = YES;
				CLANG_WARN_INT_CONVERSION = YES;
				CLANG_WARN_NON_LITERAL_NULL_CONVERSION = YES;
				CLANG_WARN_OBJC_LITERAL_CONVERSION = YES;
				CLANG_WARN_OBJC_ROOT_CLASS = YES_ERROR;
				CLANG_WARN_RANGE_LOOP_ANALYSIS = YES;
				CLANG_WARN_STRICT_PROTOTYPES = YES;
				CLANG_WARN_SUSPICIOUS_MOVE = YES;
				CLANG_WARN_UNGUARDED_AVAILABILITY = YES_AGGRESSIVE;
				CLANG_WARN_UNREACHABLE_CODE = YES;
				CLANG_WARN__DUPLICATE_METHOD_MATCH = YES;
				CODE_SIGN_IDENTITY = "iPhone Developer";
				COPY_PHASE_STRIP = NO;
				DEBUG_INFORMATION_FORMAT = "dwarf-with-dsym";
				ENABLE_NS_ASSERTIONS = NO;
				ENABLE_STRICT_OBJC_MSGSEND = YES;
				GCC_C_LANGUAGE_STANDARD = gnu11;
				GCC_NO_COMMON_BLOCKS = YES;
				GCC_WARN_64_TO_32_BIT_CONVERSION = YES;
				GCC_WARN_ABOUT_RETURN_TYPE = YES_ERROR;
				GCC_WARN_UNDECLARED_SELECTOR = YES;
				GCC_WARN_UNINITIALIZED_AUTOS = YES_AGGRESSIVE;
				GCC_WARN_UNUSED_FUNCTION = YES;
				GCC_WARN_UNUSED_VARIABLE = YES;
				IPHONEOS_DEPLOYMENT_TARGET = 11.2;
				MTL_ENABLE_DEBUG_INFO = NO;
				SDKROOT = iphoneos;
				SWIFT_OPTIMIZATION_LEVEL = "-Owholemodule";
				VALIDATE_PRODUCT = YES;
			};
			name = Release;
		};
		006CC0E71FF68A070071A182 /* Debug */ = {
			isa = XCBuildConfiguration;
			buildSettings = {
				ASSETCATALOG_COMPILER_APPICON_NAME = AppIcon;
				CODE_SIGN_STYLE = Automatic;
				DEVELOPMENT_TEAM = 53892P7K48;
				INFOPLIST_FILE = LifeMetrics02/Info.plist;
				LD_RUNPATH_SEARCH_PATHS = "$(inherited) @executable_path/Frameworks";
				PRODUCT_BUNDLE_IDENTIFIER = com.jakeberberich.LifeMetrics02;
				PRODUCT_NAME = "$(TARGET_NAME)";
				SWIFT_VERSION = 4.0;
				TARGETED_DEVICE_FAMILY = "1,2";
			};
			name = Debug;
		};
		006CC0E81FF68A070071A182 /* Release */ = {
			isa = XCBuildConfiguration;
			buildSettings = {
				ASSETCATALOG_COMPILER_APPICON_NAME = AppIcon;
				CODE_SIGN_STYLE = Automatic;
				DEVELOPMENT_TEAM = 53892P7K48;
				INFOPLIST_FILE = LifeMetrics02/Info.plist;
				LD_RUNPATH_SEARCH_PATHS = "$(inherited) @executable_path/Frameworks";
				PRODUCT_BUNDLE_IDENTIFIER = com.jakeberberich.LifeMetrics02;
				PRODUCT_NAME = "$(TARGET_NAME)";
				SWIFT_VERSION = 4.0;
				TARGETED_DEVICE_FAMILY = "1,2";
			};
			name = Release;
		};
/* End XCBuildConfiguration section */

/* Begin XCConfigurationList section */
		006CC0CD1FF68A070071A182 /* Build configuration list for PBXProject "LifeMetrics02" */ = {
			isa = XCConfigurationList;
			buildConfigurations = (
				006CC0E41FF68A070071A182 /* Debug */,
				006CC0E51FF68A070071A182 /* Release */,
			);
			defaultConfigurationIsVisible = 0;
			defaultConfigurationName = Release;
		};
		006CC0E61FF68A070071A182 /* Build configuration list for PBXNativeTarget "LifeMetrics02" */ = {
			isa = XCConfigurationList;
			buildConfigurations = (
				006CC0E71FF68A070071A182 /* Debug */,
				006CC0E81FF68A070071A182 /* Release */,
			);
			defaultConfigurationIsVisible = 0;
			defaultConfigurationName = Release;
		};
/* End XCConfigurationList section */
	};
	rootObject = 006CC0CA1FF68A070071A182 /* Project object */;
}
